// !$*UTF8*$!
{
	archiveVersion = 1;
	classes = {
	};
	objectVersion = 46;
	objects = {

/* Begin PBXBuildFile section */
		0BAC22151CD726010050D194 /* AppDelegate.swift in Sources */ = {isa = PBXBuildFile; fileRef = 0BAC22141CD726010050D194 /* AppDelegate.swift */; };
		0BAC22171CD726010050D194 /* ViewController.swift in Sources */ = {isa = PBXBuildFile; fileRef = 0BAC22161CD726010050D194 /* ViewController.swift */; };
		0BAC221A1CD726010050D194 /* Main.storyboard in Resources */ = {isa = PBXBuildFile; fileRef = 0BAC22181CD726010050D194 /* Main.storyboard */; };
		0BAC221C1CD726010050D194 /* Assets.xcassets in Resources */ = {isa = PBXBuildFile; fileRef = 0BAC221B1CD726010050D194 /* Assets.xcassets */; };
		0BAC221F1CD726010050D194 /* LaunchScreen.storyboard in Resources */ = {isa = PBXBuildFile; fileRef = 0BAC221D1CD726010050D194 /* LaunchScreen.storyboard */; };
		0BAC222A1CD726010050D194 /* sampleWebViewTests.swift in Sources */ = {isa = PBXBuildFile; fileRef = 0BAC22291CD726010050D194 /* sampleWebViewTests.swift */; };
		0BAC22351CD726010050D194 /* sampleWebViewUITests.swift in Sources */ = {isa = PBXBuildFile; fileRef = 0BAC22341CD726010050D194 /* sampleWebViewUITests.swift */; };
/* End PBXBuildFile section */

/* Begin PBXContainerItemProxy section */
		0BAC22261CD726010050D194 /* PBXContainerItemProxy */ = {
			isa = PBXContainerItemProxy;
			containerPortal = 0BAC22091CD726010050D194 /* Project object */;
			proxyType = 1;
			remoteGlobalIDString = 0BAC22101CD726010050D194;
			remoteInfo = sampleWebView;
		};
		0BAC22311CD726010050D194 /* PBXContainerItemProxy */ = {
			isa = PBXContainerItemProxy;
			containerPortal = 0BAC22091CD726010050D194 /* Project object */;
			proxyType = 1;
			remoteGlobalIDString = 0BAC22101CD726010050D194;
			remoteInfo = sampleWebView;
		};
/* End PBXContainerItemProxy section */

/* Begin PBXFileReference section */
		0BAC22111CD726010050D194 /* sampleWebView.app */ = {isa = PBXFileReference; explicitFileType = wrapper.application; includeInIndex = 0; path = sampleWebView.app; sourceTree = BUILT_PRODUCTS_DIR; };
		0BAC22141CD726010050D194 /* AppDelegate.swift */ = {isa = PBXFileReference; lastKnownFileType = sourcecode.swift; path = AppDelegate.swift; sourceTree = "<group>"; };
		0BAC22161CD726010050D194 /* ViewController.swift */ = {isa = PBXFileReference; lastKnownFileType = sourcecode.swift; path = ViewController.swift; sourceTree = "<group>"; };
		0BAC22191CD726010050D194 /* Base */ = {isa = PBXFileReference; lastKnownFileType = file.storyboard; name = Base; path = Base.lproj/Main.storyboard; sourceTree = "<group>"; };
		0BAC221B1CD726010050D194 /* Assets.xcassets */ = {isa = PBXFileReference; lastKnownFileType = folder.assetcatalog; path = Assets.xcassets; sourceTree = "<group>"; };
		0BAC221E1CD726010050D194 /* Base */ = {isa = PBXFileReference; lastKnownFileType = file.storyboard; name = Base; path = Base.lproj/LaunchScreen.storyboard; sourceTree = "<group>"; };
		0BAC22201CD726010050D194 /* Info.plist */ = {isa = PBXFileReference; lastKnownFileType = text.plist.xml; path = Info.plist; sourceTree = "<group>"; };
		0BAC22251CD726010050D194 /* sampleWebViewTests.xctest */ = {isa = PBXFileReference; explicitFileType = wrapper.cfbundle; includeInIndex = 0; path = sampleWebViewTests.xctest; sourceTree = BUILT_PRODUCTS_DIR; };
		0BAC22291CD726010050D194 /* sampleWebViewTests.swift */ = {isa = PBXFileReference; lastKnownFileType = sourcecode.swift; path = sampleWebViewTests.swift; sourceTree = "<group>"; };
		0BAC222B1CD726010050D194 /* Info.plist */ = {isa = PBXFileReference; lastKnownFileType = text.plist.xml; path = Info.plist; sourceTree = "<group>"; };
		0BAC22301CD726010050D194 /* sampleWebViewUITests.xctest */ = {isa = PBXFileReference; explicitFileType = wrapper.cfbundle; includeInIndex = 0; path = sampleWebViewUITests.xctest; sourceTree = BUILT_PRODUCTS_DIR; };
		0BAC22341CD726010050D194 /* sampleWebViewUITests.swift */ = {isa = PBXFileReference; lastKnownFileType = sourcecode.swift; path = sampleWebViewUITests.swift; sourceTree = "<group>"; };
		0BAC22361CD726010050D194 /* Info.plist */ = {isa = PBXFileReference; lastKnownFileType = text.plist.xml; path = Info.plist; sourceTree = "<group>"; };
/* End PBXFileReference section */

/* Begin PBXFrameworksBuildPhase section */
		0BAC220E1CD726010050D194 /* Frameworks */ = {
			isa = PBXFrameworksBuildPhase;
			buildActionMask = 2147483647;
			files = (
			);
			runOnlyForDeploymentPostprocessing = 0;
		};
		0BAC22221CD726010050D194 /* Frameworks */ = {
			isa = PBXFrameworksBuildPhase;
			buildActionMask = 2147483647;
			files = (
			);
			runOnlyForDeploymentPostprocessing = 0;
		};
		0BAC222D1CD726010050D194 /* Frameworks */ = {
			isa = PBXFrameworksBuildPhase;
			buildActionMask = 2147483647;
			files = (
			);
			runOnlyForDeploymentPostprocessing = 0;
		};
/* End PBXFrameworksBuildPhase section */

/* Begin PBXGroup section */
		0BAC22081CD726010050D194 = {
			isa = PBXGroup;
			children = (
				0BAC22131CD726010050D194 /* sampleWebView */,
				0BAC22281CD726010050D194 /* sampleWebViewTests */,
				0BAC22331CD726010050D194 /* sampleWebViewUITests */,
				0BAC22121CD726010050D194 /* Products */,
			);
			sourceTree = "<group>";
		};
		0BAC22121CD726010050D194 /* Products */ = {
			isa = PBXGroup;
			children = (
				0BAC22111CD726010050D194 /* sampleWebView.app */,
				0BAC22251CD726010050D194 /* sampleWebViewTests.xctest */,
				0BAC22301CD726010050D194 /* sampleWebViewUITests.xctest */,
			);
			name = Products;
			sourceTree = "<group>";
		};
		0BAC22131CD726010050D194 /* sampleWebView */ = {
			isa = PBXGroup;
			children = (
				0BAC22141CD726010050D194 /* AppDelegate.swift */,
				0BAC22161CD726010050D194 /* ViewController.swift */,
				0BAC22181CD726010050D194 /* Main.storyboard */,
				0BAC221B1CD726010050D194 /* Assets.xcassets */,
				0BAC221D1CD726010050D194 /* LaunchScreen.storyboard */,
				0BAC22201CD726010050D194 /* Info.plist */,
			);
			path = sampleWebView;
			sourceTree = "<group>";
		};
		0BAC22281CD726010050D194 /* sampleWebViewTests */ = {
			isa = PBXGroup;
			children = (
				0BAC22291CD726010050D194 /* sampleWebViewTests.swift */,
				0BAC222B1CD726010050D194 /* Info.plist */,
			);
			path = sampleWebViewTests;
			sourceTree = "<group>";
		};
		0BAC22331CD726010050D194 /* sampleWebViewUITests */ = {
			isa = PBXGroup;
			children = (
				0BAC22341CD726010050D194 /* sampleWebViewUITests.swift */,
				0BAC22361CD726010050D194 /* Info.plist */,
			);
			path = sampleWebViewUITests;
			sourceTree = "<group>";
		};
/* End PBXGroup section */

/* Begin PBXNativeTarget section */
		0BAC22101CD726010050D194 /* sampleWebView */ = {
			isa = PBXNativeTarget;
			buildConfigurationList = 0BAC22391CD726010050D194 /* Build configuration list for PBXNativeTarget "sampleWebView" */;
			buildPhases = (
				0BAC220D1CD726010050D194 /* Sources */,
				0BAC220E1CD726010050D194 /* Frameworks */,
				0BAC220F1CD726010050D194 /* Resources */,
			);
			buildRules = (
			);
			dependencies = (
			);
			name = sampleWebView;
			productName = sampleWebView;
			productReference = 0BAC22111CD726010050D194 /* sampleWebView.app */;
			productType = "com.apple.product-type.application";
		};
		0BAC22241CD726010050D194 /* sampleWebViewTests */ = {
			isa = PBXNativeTarget;
			buildConfigurationList = 0BAC223C1CD726010050D194 /* Build configuration list for PBXNativeTarget "sampleWebViewTests" */;
			buildPhases = (
				0BAC22211CD726010050D194 /* Sources */,
				0BAC22221CD726010050D194 /* Frameworks */,
				0BAC22231CD726010050D194 /* Resources */,
			);
			buildRules = (
			);
			dependencies = (
				0BAC22271CD726010050D194 /* PBXTargetDependency */,
			);
			name = sampleWebViewTests;
			productName = sampleWebViewTests;
			productReference = 0BAC22251CD726010050D194 /* sampleWebViewTests.xctest */;
			productType = "com.apple.product-type.bundle.unit-test";
		};
		0BAC222F1CD726010050D194 /* sampleWebViewUITests */ = {
			isa = PBXNativeTarget;
			buildConfigurationList = 0BAC223F1CD726010050D194 /* Build configuration list for PBXNativeTarget "sampleWebViewUITests" */;
			buildPhases = (
				0BAC222C1CD726010050D194 /* Sources */,
				0BAC222D1CD726010050D194 /* Frameworks */,
				0BAC222E1CD726010050D194 /* Resources */,
			);
			buildRules = (
			);
			dependencies = (
				0BAC22321CD726010050D194 /* PBXTargetDependency */,
			);
			name = sampleWebViewUITests;
			productName = sampleWebViewUITests;
			productReference = 0BAC22301CD726010050D194 /* sampleWebViewUITests.xctest */;
			productType = "com.apple.product-type.bundle.ui-testing";
		};
/* End PBXNativeTarget section */

/* Begin PBXProject section */
		0BAC22091CD726010050D194 /* Project object */ = {
			isa = PBXProject;
			attributes = {
				LastSwiftUpdateCheck = 0720;
				LastUpgradeCheck = 0720;
				ORGANIZATIONNAME = "RIho OKubo";
				TargetAttributes = {
					0BAC22101CD726010050D194 = {
						CreatedOnToolsVersion = 7.2.1;
					};
					0BAC22241CD726010050D194 = {
						CreatedOnToolsVersion = 7.2.1;
						TestTargetID = 0BAC22101CD726010050D194;
					};
					0BAC222F1CD726010050D194 = {
						CreatedOnToolsVersion = 7.2.1;
						TestTargetID = 0BAC22101CD726010050D194;
					};
				};
			};
			buildConfigurationList = 0BAC220C1CD726010050D194 /* Build configuration list for PBXProject "sampleWebView" */;
			compatibilityVersion = "Xcode 3.2";
			developmentRegion = English;
			hasScannedForEncodings = 0;
			knownRegions = (
				en,
				Base,
			);
			mainGroup = 0BAC22081CD726010050D194;
			productRefGroup = 0BAC22121CD726010050D194 /* Products */;
			projectDirPath = "";
			projectRoot = "";
			targets = (
				0BAC22101CD726010050D194 /* sampleWebView */,
				0BAC22241CD726010050D194 /* sampleWebViewTests */,
				0BAC222F1CD726010050D194 /* sampleWebViewUITests */,
			);
		};
/* End PBXProject section */

/* Begin PBXResourcesBuildPhase section */
		0BAC220F1CD726010050D194 /* Resources */ = {
			isa = PBXResourcesBuildPhase;
			buildActionMask = 2147483647;
			files = (
				0BAC221F1CD726010050D194 /* LaunchScreen.storyboard in Resources */,
				0BAC221C1CD726010050D194 /* Assets.xcassets in Resources */,
				0BAC221A1CD726010050D194 /* Main.storyboard in Resources */,
			);
			runOnlyForDeploymentPostprocessing = 0;
		};
		0BAC22231CD726010050D194 /* Resources */ = {
			isa = PBXResourcesBuildPhase;
			buildActionMask = 2147483647;
			files = (
			);
			runOnlyForDeploymentPostprocessing = 0;
		};
		0BAC222E1CD726010050D194 /* Resources */ = {
			isa = PBXResourcesBuildPhase;
			buildActionMask = 2147483647;
			files = (
			);
			runOnlyForDeploymentPostprocessing = 0;
		};
/* End PBXResourcesBuildPhase section */

/* Begin PBXSourcesBuildPhase section */
		0BAC220D1CD726010050D194 /* Sources */ = {
			isa = PBXSourcesBuildPhase;
			buildActionMask = 2147483647;
			files = (
				0BAC22171CD726010050D194 /* ViewController.swift in Sources */,
				0BAC22151CD726010050D194 /* AppDelegate.swift in Sources */,
			);
			runOnlyForDeploymentPostprocessing = 0;
		};
		0BAC22211CD726010050D194 /* Sources */ = {
			isa = PBXSourcesBuildPhase;
			buildActionMask = 2147483647;
			files = (
				0BAC222A1CD726010050D194 /* sampleWebViewTests.swift in Sources */,
			);
			runOnlyForDeploymentPostprocessing = 0;
		};
		0BAC222C1CD726010050D194 /* Sources */ = {
			isa = PBXSourcesBuildPhase;
			buildActionMask = 2147483647;
			files = (
				0BAC22351CD726010050D194 /* sampleWebViewUITests.swift in Sources */,
			);
			runOnlyForDeploymentPostprocessing = 0;
		};
/* End PBXSourcesBuildPhase section */

/* Begin PBXTargetDependency section */
		0BAC22271CD726010050D194 /* PBXTargetDependency */ = {
			isa = PBXTargetDependency;
			target = 0BAC22101CD726010050D194 /* sampleWebView */;
			targetProxy = 0BAC22261CD726010050D194 /* PBXContainerItemProxy */;
		};
		0BAC22321CD726010050D194 /* PBXTargetDependency */ = {
			isa = PBXTargetDependency;
			target = 0BAC22101CD726010050D194 /* sampleWebView */;
			targetProxy = 0BAC22311CD726010050D194 /* PBXContainerItemProxy */;
		};
/* End PBXTargetDependency section */

/* Begin PBXVariantGroup section */
		0BAC22181CD726010050D194 /* Main.storyboard */ = {
			isa = PBXVariantGroup;
			children = (
				0BAC22191CD726010050D194 /* Base */,
			);
			name = Main.storyboard;
			sourceTree = "<group>";
		};
		0BAC221D1CD726010050D194 /* LaunchScreen.storyboard */ = {
			isa = PBXVariantGroup;
			children = (
				0BAC221E1CD726010050D194 /* Base */,
			);
			name = LaunchScreen.storyboard;
			sourceTree = "<group>";
		};
/* End PBXVariantGroup section */

/* Begin XCBuildConfiguration section */
		0BAC22371CD726010050D194 /* Debug */ = {
			isa = XCBuildConfiguration;
			buildSettings = {
				ALWAYS_SEARCH_USER_PATHS = NO;
				CLANG_CXX_LANGUAGE_STANDARD = "gnu++0x";
				CLANG_CXX_LIBRARY = "libc++";
				CLANG_ENABLE_MODULES = YES;
				CLANG_ENABLE_OBJC_ARC = YES;
				CLANG_WARN_BOOL_CONVERSION = YES;
				CLANG_WARN_CONSTANT_CONVERSION = YES;
				CLANG_WARN_DIRECT_OBJC_ISA_USAGE = YES_ERROR;
				CLANG_WARN_EMPTY_BODY = YES;
				CLANG_WARN_ENUM_CONVERSION = YES;
				CLANG_WARN_INT_CONVERSION = YES;
				CLANG_WARN_OBJC_ROOT_CLASS = YES_ERROR;
				CLANG_WARN_UNREACHABLE_CODE = YES;
				CLANG_WARN__DUPLICATE_METHOD_MATCH = YES;
				"CODE_SIGN_IDENTITY[sdk=iphoneos*]" = "iPhone Developer";
				COPY_PHASE_STRIP = NO;
				DEBUG_INFORMATION_FORMAT = dwarf;
				ENABLE_STRICT_OBJC_MSGSEND = YES;
				ENABLE_TESTABILITY = YES;
				GCC_C_LANGUAGE_STANDARD = gnu99;
				GCC_DYNAMIC_NO_PIC = NO;
				GCC_NO_COMMON_BLOCKS = YES;
				GCC_OPTIMIZATION_LEVEL = 0;
				GCC_PREPROCESSOR_DEFINITIONS = (
					"DEBUG=1",
					"$(inherited)",
				);
				GCC_WARN_64_TO_32_BIT_CONVERSION = YES;
				GCC_WARN_ABOUT_RETURN_TYPE = YES_ERROR;
				GCC_WARN_UNDECLARED_SELECTOR = YES;
				GCC_WARN_UNINITIALIZED_AUTOS = YES_AGGRESSIVE;
				GCC_WARN_UNUSED_FUNCTION = YES;
				GCC_WARN_UNUSED_VARIABLE = YES;
				IPHONEOS_DEPLOYMENT_TARGET = 9.2;
				MTL_ENABLE_DEBUG_INFO = YES;
				ONLY_ACTIVE_ARCH = YES;
				SDKROOT = iphoneos;
				SWIFT_OPTIMIZATION_LEVEL = "-Onone";
			};
			name = Debug;
		};
		0BAC22381CD726010050D194 /* Release */ = {
			isa = XCBuildConfiguration;
			buildSettings = {
				ALWAYS_SEARCH_USER_PATHS = NO;
				CLANG_CXX_LANGUAGE_STANDARD = "gnu++0x";
				CLANG_CXX_LIBRARY = "libc++";
				CLANG_ENABLE_MODULES = YES;
				CLANG_ENABLE_OBJC_ARC = YES;
				CLANG_WARN_BOOL_CONVERSION = YES;
				CLANG_WARN_CONSTANT_CONVERSION = YES;
				CLANG_WARN_DIRECT_OBJC_ISA_USAGE = YES_ERROR;
				CLANG_WARN_EMPTY_BODY = YES;
				CLANG_WARN_ENUM_CONVERSION = YES;
				CLANG_WARN_INT_CONVERSION = YES;
				CLANG_WARN_OBJC_ROOT_CLASS = YES_ERROR;
				CLANG_WARN_UNREACHABLE_CODE = YES;
				CLANG_WARN__DUPLICATE_METHOD_MATCH = YES;
				"CODE_SIGN_IDENTITY[sdk=iphoneos*]" = "iPhone Developer";
				COPY_PHASE_STRIP = NO;
				DEBUG_INFORMATION_FORMAT = "dwarf-with-dsym";
				ENABLE_NS_ASSERTIONS = NO;
				ENABLE_STRICT_OBJC_MSGSEND = YES;
				GCC_C_LANGUAGE_STANDARD = gnu99;
				GCC_NO_COMMON_BLOCKS = YES;
				GCC_WARN_64_TO_32_BIT_CONVERSION = YES;
				GCC_WARN_ABOUT_RETURN_TYPE = YES_ERROR;
				GCC_WARN_UNDECLARED_SELECTOR = YES;
				GCC_WARN_UNINITIALIZED_AUTOS = YES_AGGRESSIVE;
				GCC_WARN_UNUSED_FUNCTION = YES;
				GCC_WARN_UNUSED_VARIABLE = YES;
				IPHONEOS_DEPLOYMENT_TARGET = 9.2;
				MTL_ENABLE_DEBUG_INFO = NO;
				SDKROOT = iphoneos;
				VALIDATE_PRODUCT = YES;
			};
			name = Release;
		};
		0BAC223A1CD726010050D194 /* Debug */ = {
			isa = XCBuildConfiguration;
			buildSettings = {
				ASSETCATALOG_COMPILER_APPICON_NAME = AppIcon;
				INFOPLIST_FILE = sampleWebView/Info.plist;
				LD_RUNPATH_SEARCH_PATHS = "$(inherited) @executable_path/Frameworks";
				PRODUCT_BUNDLE_IDENTIFIER = com.rihookubo.sampleWebView;
				PRODUCT_NAME = "$(TARGET_NAME)";
			};
			name = Debug;
		};
		0BAC223B1CD726010050D194 /* Release */ = {
			isa = XCBuildConfiguration;
			buildSettings = {
				ASSETCATALOG_COMPILER_APPICON_NAME = AppIcon;
				INFOPLIST_FILE = sampleWebView/Info.plist;
				LD_RUNPATH_SEARCH_PATHS = "$(inherited) @executable_path/Frameworks";
				PRODUCT_BUNDLE_IDENTIFIER = com.rihookubo.sampleWebView;
				PRODUCT_NAME = "$(TARGET_NAME)";
			};
			name = Release;
		};
		0BAC223D1CD726010050D194 /* Debug */ = {
			isa = XCBuildConfiguration;
			buildSettings = {
				BUNDLE_LOADER = "$(TEST_HOST)";
				INFOPLIST_FILE = sampleWebViewTests/Info.plist;
				LD_RUNPATH_SEARCH_PATHS = "$(inherited) @executable_path/Frameworks @loader_path/Frameworks";
				PRODUCT_BUNDLE_IDENTIFIER = com.rihookubo.sampleWebViewTests;
				PRODUCT_NAME = "$(TARGET_NAME)";
				TEST_HOST = "$(BUILT_PRODUCTS_DIR)/sampleWebView.app/sampleWebView";
			};
			name = Debug;
		};
		0BAC223E1CD726010050D194 /* Release */ = {
			isa = XCBuildConfiguration;
			buildSettings = {
				BUNDLE_LOADER = "$(TEST_HOST)";
				INFOPLIST_FILE = sampleWebViewTests/Info.plist;
				LD_RUNPATH_SEARCH_PATHS = "$(inherited) @executable_path/Frameworks @loader_path/Frameworks";
				PRODUCT_BUNDLE_IDENTIFIER = com.rihookubo.sampleWebViewTests;
				PRODUCT_NAME = "$(TARGET_NAME)";
				TEST_HOST = "$(BUILT_PRODUCTS_DIR)/sampleWebView.app/sampleWebView";
			};
			name = Release;
		};
		0BAC22401CD726010050D194 /* Debug */ = {
			isa = XCBuildConfiguration;
			buildSettings = {
				INFOPLIST_FILE = sampleWebViewUITests/Info.plist;
				LD_RUNPATH_SEARCH_PATHS = "$(inherited) @executable_path/Frameworks @loader_path/Frameworks";
				PRODUCT_BUNDLE_IDENTIFIER = com.rihookubo.sampleWebViewUITests;
				PRODUCT_NAME = "$(TARGET_NAME)";
				TEST_TARGET_NAME = sampleWebView;
				USES_XCTRUNNER = YES;
			};
			name = Debug;
		};
		0BAC22411CD726010050D194 /* Release */ = {
			isa = XCBuildConfiguration;
			buildSettings = {
				INFOPLIST_FILE = sampleWebViewUITests/Info.plist;
				LD_RUNPATH_SEARCH_PATHS = "$(inherited) @executable_path/Frameworks @loader_path/Frameworks";
				PRODUCT_BUNDLE_IDENTIFIER = com.rihookubo.sampleWebViewUITests;
				PRODUCT_NAME = "$(TARGET_NAME)";
				TEST_TARGET_NAME = sampleWebView;
				USES_XCTRUNNER = YES;
			};
			name = Release;
		};
/* End XCBuildConfiguration section */

/* Begin XCConfigurationList section */
		0BAC220C1CD726010050D194 /* Build configuration list for PBXProject "sampleWebView" */ = {
			isa = XCConfigurationList;
			buildConfigurations = (
				0BAC22371CD726010050D194 /* Debug */,
				0BAC22381CD726010050D194 /* Release */,
			);
			defaultConfigurationIsVisible = 0;
			defaultConfigurationName = Release;
		};
		0BAC22391CD726010050D194 /* Build configuration list for PBXNativeTarget "sampleWebView" */ = {
			isa = XCConfigurationList;
			buildConfigurations = (
				0BAC223A1CD726010050D194 /* Debug */,
				0BAC223B1CD726010050D194 /* Release */,
			);
			defaultConfigurationIsVisible = 0;
		};
		0BAC223C1CD726010050D194 /* Build configuration list for PBXNativeTarget "sampleWebViewTests" */ = {
			isa = XCConfigurationList;
			buildConfigurations = (
				0BAC223D1CD726010050D194 /* Debug */,
				0BAC223E1CD726010050D194 /* Release */,
			);
			defaultConfigurationIsVisible = 0;
		};
		0BAC223F1CD726010050D194 /* Build configuration list for PBXNativeTarget "sampleWebViewUITests" */ = {
			isa = XCConfigurationList;
			buildConfigurations = (
				0BAC22401CD726010050D194 /* Debug */,
				0BAC22411CD726010050D194 /* Release */,
			);
			defaultConfigurationIsVisible = 0;
		};
/* End XCConfigurationList section */
	};
	rootObject = 0BAC22091CD726010050D194 /* Project object */;
}
